// !$*UTF8*$!
{
	archiveVersion = 1;
	classes = {
	};
	objectVersion = 56;
	objects = {

/* Begin PBXBuildFile section */
		315C190F28ECC74E0034E818 /* WeatherWidget.swift in Sources */ = {isa = PBXBuildFile; fileRef = 315C190E28ECC74E0034E818 /* WeatherWidget.swift */; };
		31AF3BCF28EC4CEC00FD6479 /* weatherApp.swift in Sources */ = {isa = PBXBuildFile; fileRef = 31AF3BCE28EC4CEC00FD6479 /* weatherApp.swift */; };
		31AF3BD128EC4CEC00FD6479 /* ContentView.swift in Sources */ = {isa = PBXBuildFile; fileRef = 31AF3BD028EC4CEC00FD6479 /* ContentView.swift */; };
		31AF3BD328EC4CEE00FD6479 /* Assets.xcassets in Resources */ = {isa = PBXBuildFile; fileRef = 31AF3BD228EC4CEE00FD6479 /* Assets.xcassets */; };
		31AF3BD628EC4CEE00FD6479 /* Preview Assets.xcassets in Resources */ = {isa = PBXBuildFile; fileRef = 31AF3BD528EC4CEE00FD6479 /* Preview Assets.xcassets */; };
		31AF3BE428EC501300FD6479 /* Extensions.swift in Sources */ = {isa = PBXBuildFile; fileRef = 31AF3BE328EC501300FD6479 /* Extensions.swift */; };
		31AF3BE628EC517200FD6479 /* HomeView.swift in Sources */ = {isa = PBXBuildFile; fileRef = 31AF3BE528EC517200FD6479 /* HomeView.swift */; };
		31AF3BE828EC5A4300FD6479 /* TabBar.swift in Sources */ = {isa = PBXBuildFile; fileRef = 31AF3BE728EC5A4200FD6479 /* TabBar.swift */; };
		31AF3BEA28EC5E4800FD6479 /* Shapes.swift in Sources */ = {isa = PBXBuildFile; fileRef = 31AF3BE928EC5E4800FD6479 /* Shapes.swift */; };
		31AF3BED28EC686E00FD6479 /* BottomSheet in Frameworks */ = {isa = PBXBuildFile; productRef = 31AF3BEC28EC686E00FD6479 /* BottomSheet */; };
		31AF3BEF28EC6B5F00FD6479 /* ForecastView.swift in Sources */ = {isa = PBXBuildFile; fileRef = 31AF3BEE28EC6B5F00FD6479 /* ForecastView.swift */; };
		31AF3BF128EC705F00FD6479 /* Blur.swift in Sources */ = {isa = PBXBuildFile; fileRef = 31AF3BF028EC705E00FD6479 /* Blur.swift */; };
		31AF3BF328EC85CE00FD6479 /* SegmentedControl.swift in Sources */ = {isa = PBXBuildFile; fileRef = 31AF3BF228EC85CE00FD6479 /* SegmentedControl.swift */; };
		31AF3BF528EC8BC900FD6479 /* ForecastModel.swift in Sources */ = {isa = PBXBuildFile; fileRef = 31AF3BF428EC8BC900FD6479 /* ForecastModel.swift */; };
		31AF3BF728EC901700FD6479 /* ForecastCard.swift in Sources */ = {isa = PBXBuildFile; fileRef = 31AF3BF628EC901700FD6479 /* ForecastCard.swift */; };
		31AF3BF928ECBC5700FD6479 /* NavigationBar.swift in Sources */ = {isa = PBXBuildFile; fileRef = 31AF3BF828ECBC5700FD6479 /* NavigationBar.swift */; };
		31AF3BFB28ECC22C00FD6479 /* WeatherView.swift in Sources */ = {isa = PBXBuildFile; fileRef = 31AF3BFA28ECC22C00FD6479 /* WeatherView.swift */; };
/* End PBXBuildFile section */

/* Begin PBXFileReference section */
		315C190E28ECC74E0034E818 /* WeatherWidget.swift */ = {isa = PBXFileReference; lastKnownFileType = sourcecode.swift; path = WeatherWidget.swift; sourceTree = "<group>"; };
		31AF3BCB28EC4CEC00FD6479 /* weather.app */ = {isa = PBXFileReference; explicitFileType = wrapper.application; includeInIndex = 0; path = weather.app; sourceTree = BUILT_PRODUCTS_DIR; };
		31AF3BCE28EC4CEC00FD6479 /* weatherApp.swift */ = {isa = PBXFileReference; lastKnownFileType = sourcecode.swift; path = weatherApp.swift; sourceTree = "<group>"; };
		31AF3BD028EC4CEC00FD6479 /* ContentView.swift */ = {isa = PBXFileReference; lastKnownFileType = sourcecode.swift; path = ContentView.swift; sourceTree = "<group>"; };
		31AF3BD228EC4CEE00FD6479 /* Assets.xcassets */ = {isa = PBXFileReference; lastKnownFileType = folder.assetcatalog; path = Assets.xcassets; sourceTree = "<group>"; };
		31AF3BD528EC4CEE00FD6479 /* Preview Assets.xcassets */ = {isa = PBXFileReference; lastKnownFileType = folder.assetcatalog; path = "Preview Assets.xcassets"; sourceTree = "<group>"; };
		31AF3BE328EC501300FD6479 /* Extensions.swift */ = {isa = PBXFileReference; lastKnownFileType = sourcecode.swift; path = Extensions.swift; sourceTree = "<group>"; };
		31AF3BE528EC517200FD6479 /* HomeView.swift */ = {isa = PBXFileReference; lastKnownFileType = sourcecode.swift; path = HomeView.swift; sourceTree = "<group>"; };
		31AF3BE728EC5A4200FD6479 /* TabBar.swift */ = {isa = PBXFileReference; lastKnownFileType = sourcecode.swift; path = TabBar.swift; sourceTree = "<group>"; };
		31AF3BE928EC5E4800FD6479 /* Shapes.swift */ = {isa = PBXFileReference; lastKnownFileType = sourcecode.swift; path = Shapes.swift; sourceTree = "<group>"; };
		31AF3BEE28EC6B5F00FD6479 /* ForecastView.swift */ = {isa = PBXFileReference; lastKnownFileType = sourcecode.swift; path = ForecastView.swift; sourceTree = "<group>"; };
		31AF3BF028EC705E00FD6479 /* Blur.swift */ = {isa = PBXFileReference; lastKnownFileType = sourcecode.swift; path = Blur.swift; sourceTree = "<group>"; };
		31AF3BF228EC85CE00FD6479 /* SegmentedControl.swift */ = {isa = PBXFileReference; lastKnownFileType = sourcecode.swift; path = SegmentedControl.swift; sourceTree = "<group>"; };
		31AF3BF428EC8BC900FD6479 /* ForecastModel.swift */ = {isa = PBXFileReference; lastKnownFileType = sourcecode.swift; path = ForecastModel.swift; sourceTree = "<group>"; };
		31AF3BF628EC901700FD6479 /* ForecastCard.swift */ = {isa = PBXFileReference; lastKnownFileType = sourcecode.swift; path = ForecastCard.swift; sourceTree = "<group>"; };
		31AF3BF828ECBC5700FD6479 /* NavigationBar.swift */ = {isa = PBXFileReference; lastKnownFileType = sourcecode.swift; path = NavigationBar.swift; sourceTree = "<group>"; };
		31AF3BFA28ECC22C00FD6479 /* WeatherView.swift */ = {isa = PBXFileReference; lastKnownFileType = sourcecode.swift; path = WeatherView.swift; sourceTree = "<group>"; };
/* End PBXFileReference section */

/* Begin PBXFrameworksBuildPhase section */
		31AF3BC828EC4CEC00FD6479 /* Frameworks */ = {
			isa = PBXFrameworksBuildPhase;
			buildActionMask = 2147483647;
			files = (
				31AF3BED28EC686E00FD6479 /* BottomSheet in Frameworks */,
			);
			runOnlyForDeploymentPostprocessing = 0;
		};
/* End PBXFrameworksBuildPhase section */

/* Begin PBXGroup section */
		31AF3BC228EC4CEC00FD6479 = {
			isa = PBXGroup;
			children = (
				31AF3BCD28EC4CEC00FD6479 /* weather */,
				31AF3BCC28EC4CEC00FD6479 /* Products */,
			);
			sourceTree = "<group>";
		};
		31AF3BCC28EC4CEC00FD6479 /* Products */ = {
			isa = PBXGroup;
			children = (
				31AF3BCB28EC4CEC00FD6479 /* weather.app */,
			);
			name = Products;
			sourceTree = "<group>";
		};
		31AF3BCD28EC4CEC00FD6479 /* weather */ = {
			isa = PBXGroup;
			children = (
				31AF3BCE28EC4CEC00FD6479 /* weatherApp.swift */,
				31AF3BDC28EC4EFB00FD6479 /* Views */,
				31AF3BDD28EC4F0300FD6479 /* Models */,
				31AF3BDE28EC4F0800FD6479 /* Utils */,
				31AF3BD228EC4CEE00FD6479 /* Assets.xcassets */,
				31AF3BD428EC4CEE00FD6479 /* Preview Content */,
			);
			path = weather;
			sourceTree = "<group>";
		};
		31AF3BD428EC4CEE00FD6479 /* Preview Content */ = {
			isa = PBXGroup;
			children = (
				31AF3BD528EC4CEE00FD6479 /* Preview Assets.xcassets */,
			);
			path = "Preview Content";
			sourceTree = "<group>";
		};
		31AF3BDC28EC4EFB00FD6479 /* Views */ = {
			isa = PBXGroup;
			children = (
				31AF3BE228EC4F5B00FD6479 /* Main */,
				31AF3BE128EC4F4F00FD6479 /* Navigation */,
				31AF3BE028EC4F4900FD6479 /* Detail */,
				31AF3BDF28EC4F4100FD6479 /* Components */,
			);
			path = Views;
			sourceTree = "<group>";
		};
		31AF3BDD28EC4F0300FD6479 /* Models */ = {
			isa = PBXGroup;
			children = (
				31AF3BF428EC8BC900FD6479 /* ForecastModel.swift */,
			);
			path = Models;
			sourceTree = "<group>";
		};
		31AF3BDE28EC4F0800FD6479 /* Utils */ = {
			isa = PBXGroup;
			children = (
				31AF3BE328EC501300FD6479 /* Extensions.swift */,
				31AF3BE928EC5E4800FD6479 /* Shapes.swift */,
			);
			path = Utils;
			sourceTree = "<group>";
		};
		31AF3BDF28EC4F4100FD6479 /* Components */ = {
			isa = PBXGroup;
			children = (
				31AF3BF028EC705E00FD6479 /* Blur.swift */,
				31AF3BF228EC85CE00FD6479 /* SegmentedControl.swift */,
				31AF3BF628EC901700FD6479 /* ForecastCard.swift */,
				315C190E28ECC74E0034E818 /* WeatherWidget.swift */,
			);
			path = Components;
			sourceTree = "<group>";
		};
		31AF3BE028EC4F4900FD6479 /* Detail */ = {
			isa = PBXGroup;
			children = (
				31AF3BEE28EC6B5F00FD6479 /* ForecastView.swift */,
				31AF3BFA28ECC22C00FD6479 /* WeatherView.swift */,
			);
			path = Detail;
			sourceTree = "<group>";
		};
		31AF3BE128EC4F4F00FD6479 /* Navigation */ = {
			isa = PBXGroup;
			children = (
				31AF3BE728EC5A4200FD6479 /* TabBar.swift */,
				31AF3BF828ECBC5700FD6479 /* NavigationBar.swift */,
			);
			path = Navigation;
			sourceTree = "<group>";
		};
		31AF3BE228EC4F5B00FD6479 /* Main */ = {
			isa = PBXGroup;
			children = (
				31AF3BD028EC4CEC00FD6479 /* ContentView.swift */,
				31AF3BE528EC517200FD6479 /* HomeView.swift */,
			);
			path = Main;
			sourceTree = "<group>";
		};
/* End PBXGroup section */

/* Begin PBXNativeTarget section */
		31AF3BCA28EC4CEC00FD6479 /* weather */ = {
			isa = PBXNativeTarget;
			buildConfigurationList = 31AF3BD928EC4CEE00FD6479 /* Build configuration list for PBXNativeTarget "weather" */;
			buildPhases = (
				31AF3BC728EC4CEC00FD6479 /* Sources */,
				31AF3BC828EC4CEC00FD6479 /* Frameworks */,
				31AF3BC928EC4CEC00FD6479 /* Resources */,
			);
			buildRules = (
			);
			dependencies = (
			);
			name = weather;
			packageProductDependencies = (
				31AF3BEC28EC686E00FD6479 /* BottomSheet */,
			);
			productName = weather;
			productReference = 31AF3BCB28EC4CEC00FD6479 /* weather.app */;
			productType = "com.apple.product-type.application";
		};
/* End PBXNativeTarget section */

/* Begin PBXProject section */
		31AF3BC328EC4CEC00FD6479 /* Project object */ = {
			isa = PBXProject;
			attributes = {
				BuildIndependentTargetsInParallel = 1;
				LastSwiftUpdateCheck = 1400;
				LastUpgradeCheck = 1400;
				TargetAttributes = {
					31AF3BCA28EC4CEC00FD6479 = {
						CreatedOnToolsVersion = 14.0;
					};
				};
			};
			buildConfigurationList = 31AF3BC628EC4CEC00FD6479 /* Build configuration list for PBXProject "weather" */;
			compatibilityVersion = "Xcode 14.0";
			developmentRegion = en;
			hasScannedForEncodings = 0;
			knownRegions = (
				en,
				Base,
			);
			mainGroup = 31AF3BC228EC4CEC00FD6479;
			packageReferences = (
				31AF3BEB28EC686E00FD6479 /* XCRemoteSwiftPackageReference "BottomSheet" */,
			);
			productRefGroup = 31AF3BCC28EC4CEC00FD6479 /* Products */;
			projectDirPath = "";
			projectRoot = "";
			targets = (
				31AF3BCA28EC4CEC00FD6479 /* weather */,
			);
		};
/* End PBXProject section */

/* Begin PBXResourcesBuildPhase section */
		31AF3BC928EC4CEC00FD6479 /* Resources */ = {
			isa = PBXResourcesBuildPhase;
			buildActionMask = 2147483647;
			files = (
				31AF3BD628EC4CEE00FD6479 /* Preview Assets.xcassets in Resources */,
				31AF3BD328EC4CEE00FD6479 /* Assets.xcassets in Resources */,
			);
			runOnlyForDeploymentPostprocessing = 0;
		};
/* End PBXResourcesBuildPhase section */

/* Begin PBXSourcesBuildPhase section */
		31AF3BC728EC4CEC00FD6479 /* Sources */ = {
			isa = PBXSourcesBuildPhase;
			buildActionMask = 2147483647;
			files = (
				315C190F28ECC74E0034E818 /* WeatherWidget.swift in Sources */,
				31AF3BF728EC901700FD6479 /* ForecastCard.swift in Sources */,
				31AF3BD128EC4CEC00FD6479 /* ContentView.swift in Sources */,
				31AF3BF328EC85CE00FD6479 /* SegmentedControl.swift in Sources */,
				31AF3BE628EC517200FD6479 /* HomeView.swift in Sources */,
				31AF3BF128EC705F00FD6479 /* Blur.swift in Sources */,
				31AF3BFB28ECC22C00FD6479 /* WeatherView.swift in Sources */,
				31AF3BE428EC501300FD6479 /* Extensions.swift in Sources */,
				31AF3BCF28EC4CEC00FD6479 /* weatherApp.swift in Sources */,
				31AF3BEF28EC6B5F00FD6479 /* ForecastView.swift in Sources */,
				31AF3BE828EC5A4300FD6479 /* TabBar.swift in Sources */,
				31AF3BF528EC8BC900FD6479 /* ForecastModel.swift in Sources */,
				31AF3BEA28EC5E4800FD6479 /* Shapes.swift in Sources */,
				31AF3BF928ECBC5700FD6479 /* NavigationBar.swift in Sources */,
			);
			runOnlyForDeploymentPostprocessing = 0;
		};
/* End PBXSourcesBuildPhase section */

/* Begin XCBuildConfiguration section */
		31AF3BD728EC4CEE00FD6479 /* Debug */ = {
			isa = XCBuildConfiguration;
			buildSettings = {
				ALWAYS_SEARCH_USER_PATHS = NO;
				CLANG_ANALYZER_NONNULL = YES;
				CLANG_ANALYZER_NUMBER_OBJECT_CONVERSION = YES_AGGRESSIVE;
				CLANG_CXX_LANGUAGE_STANDARD = "gnu++20";
				CLANG_ENABLE_MODULES = YES;
				CLANG_ENABLE_OBJC_ARC = YES;
				CLANG_ENABLE_OBJC_WEAK = YES;
				CLANG_WARN_BLOCK_CAPTURE_AUTORELEASING = YES;
				CLANG_WARN_BOOL_CONVERSION = YES;
				CLANG_WARN_COMMA = YES;
				CLANG_WARN_CONSTANT_CONVERSION = YES;
				CLANG_WARN_DEPRECATED_OBJC_IMPLEMENTATIONS = YES;
				CLANG_WARN_DIRECT_OBJC_ISA_USAGE = YES_ERROR;
				CLANG_WARN_DOCUMENTATION_COMMENTS = YES;
				CLANG_WARN_EMPTY_BODY = YES;
				CLANG_WARN_ENUM_CONVERSION = YES;
				CLANG_WARN_INFINITE_RECURSION = YES;
				CLANG_WARN_INT_CONVERSION = YES;
				CLANG_WARN_NON_LITERAL_NULL_CONVERSION = YES;
				CLANG_WARN_OBJC_IMPLICIT_RETAIN_SELF = YES;
				CLANG_WARN_OBJC_LITERAL_CONVERSION = YES;
				CLANG_WARN_OBJC_ROOT_CLASS = YES_ERROR;
				CLANG_WARN_QUOTED_INCLUDE_IN_FRAMEWORK_HEADER = YES;
				CLANG_WARN_RANGE_LOOP_ANALYSIS = YES;
				CLANG_WARN_STRICT_PROTOTYPES = YES;
				CLANG_WARN_SUSPICIOUS_MOVE = YES;
				CLANG_WARN_UNGUARDED_AVAILABILITY = YES_AGGRESSIVE;
				CLANG_WARN_UNREACHABLE_CODE = YES;
				CLANG_WARN__DUPLICATE_METHOD_MATCH = YES;
				COPY_PHASE_STRIP = NO;
				DEBUG_INFORMATION_FORMAT = dwarf;
				ENABLE_STRICT_OBJC_MSGSEND = YES;
				ENABLE_TESTABILITY = YES;
				GCC_C_LANGUAGE_STANDARD = gnu11;
				GCC_DYNAMIC_NO_PIC = NO;
				GCC_NO_COMMON_BLOCKS = YES;
				GCC_OPTIMIZATION_LEVEL = 0;
				GCC_PREPROCESSOR_DEFINITIONS = (
					"DEBUG=1",
					"$(inherited)",
				);
				GCC_WARN_64_TO_32_BIT_CONVERSION = YES;
				GCC_WARN_ABOUT_RETURN_TYPE = YES_ERROR;
				GCC_WARN_UNDECLARED_SELECTOR = YES;
				GCC_WARN_UNINITIALIZED_AUTOS = YES_AGGRESSIVE;
				GCC_WARN_UNUSED_FUNCTION = YES;
				GCC_WARN_UNUSED_VARIABLE = YES;
				IPHONEOS_DEPLOYMENT_TARGET = 16.0;
				MTL_ENABLE_DEBUG_INFO = INCLUDE_SOURCE;
				MTL_FAST_MATH = YES;
				ONLY_ACTIVE_ARCH = YES;
				SDKROOT = iphoneos;
				SWIFT_ACTIVE_COMPILATION_CONDITIONS = DEBUG;
				SWIFT_OPTIMIZATION_LEVEL = "-Onone";
			};
			name = Debug;
		};
		31AF3BD828EC4CEE00FD6479 /* Release */ = {
			isa = XCBuildConfiguration;
			buildSettings = {
				ALWAYS_SEARCH_USER_PATHS = NO;
				CLANG_ANALYZER_NONNULL = YES;
				CLANG_ANALYZER_NUMBER_OBJECT_CONVERSION = YES_AGGRESSIVE;
				CLANG_CXX_LANGUAGE_STANDARD = "gnu++20";
				CLANG_ENABLE_MODULES = YES;
				CLANG_ENABLE_OBJC_ARC = YES;
				CLANG_ENABLE_OBJC_WEAK = YES;
				CLANG_WARN_BLOCK_CAPTURE_AUTORELEASING = YES;
				CLANG_WARN_BOOL_CONVERSION = YES;
				CLANG_WARN_COMMA = YES;
				CLANG_WARN_CONSTANT_CONVERSION = YES;
				CLANG_WARN_DEPRECATED_OBJC_IMPLEMENTATIONS = YES;
				CLANG_WARN_DIRECT_OBJC_ISA_USAGE = YES_ERROR;
				CLANG_WARN_DOCUMENTATION_COMMENTS = YES;
				CLANG_WARN_EMPTY_BODY = YES;
				CLANG_WARN_ENUM_CONVERSION = YES;
				CLANG_WARN_INFINITE_RECURSION = YES;
				CLANG_WARN_INT_CONVERSION = YES;
				CLANG_WARN_NON_LITERAL_NULL_CONVERSION = YES;
				CLANG_WARN_OBJC_IMPLICIT_RETAIN_SELF = YES;
				CLANG_WARN_OBJC_LITERAL_CONVERSION = YES;
				CLANG_WARN_OBJC_ROOT_CLASS = YES_ERROR;
				CLANG_WARN_QUOTED_INCLUDE_IN_FRAMEWORK_HEADER = YES;
				CLANG_WARN_RANGE_LOOP_ANALYSIS = YES;
				CLANG_WARN_STRICT_PROTOTYPES = YES;
				CLANG_WARN_SUSPICIOUS_MOVE = YES;
				CLANG_WARN_UNGUARDED_AVAILABILITY = YES_AGGRESSIVE;
				CLANG_WARN_UNREACHABLE_CODE = YES;
				CLANG_WARN__DUPLICATE_METHOD_MATCH = YES;
				COPY_PHASE_STRIP = NO;
				DEBUG_INFORMATION_FORMAT = "dwarf-with-dsym";
				ENABLE_NS_ASSERTIONS = NO;
				ENABLE_STRICT_OBJC_MSGSEND = YES;
				GCC_C_LANGUAGE_STANDARD = gnu11;
				GCC_NO_COMMON_BLOCKS = YES;
				GCC_WARN_64_TO_32_BIT_CONVERSION = YES;
				GCC_WARN_ABOUT_RETURN_TYPE = YES_ERROR;
				GCC_WARN_UNDECLARED_SELECTOR = YES;
				GCC_WARN_UNINITIALIZED_AUTOS = YES_AGGRESSIVE;
				GCC_WARN_UNUSED_FUNCTION = YES;
				GCC_WARN_UNUSED_VARIABLE = YES;
				IPHONEOS_DEPLOYMENT_TARGET = 16.0;
				MTL_ENABLE_DEBUG_INFO = NO;
				MTL_FAST_MATH = YES;
				SDKROOT = iphoneos;
				SWIFT_COMPILATION_MODE = wholemodule;
				SWIFT_OPTIMIZATION_LEVEL = "-O";
				VALIDATE_PRODUCT = YES;
			};
			name = Release;
		};
		31AF3BDA28EC4CEE00FD6479 /* Debug */ = {
			isa = XCBuildConfiguration;
			buildSettings = {
				ASSETCATALOG_COMPILER_APPICON_NAME = AppIcon;
				ASSETCATALOG_COMPILER_GLOBAL_ACCENT_COLOR_NAME = AccentColor;
				CODE_SIGN_STYLE = Automatic;
				CURRENT_PROJECT_VERSION = 1;
				DEVELOPMENT_ASSET_PATHS = "\"weather/Preview Content\"";
				DEVELOPMENT_TEAM = MRWW7972SX;
				ENABLE_PREVIEWS = YES;
				GENERATE_INFOPLIST_FILE = YES;
				INFOPLIST_KEY_UIApplicationSceneManifest_Generation = YES;
				INFOPLIST_KEY_UIApplicationSupportsIndirectInputEvents = YES;
				INFOPLIST_KEY_UILaunchScreen_Generation = YES;
				INFOPLIST_KEY_UISupportedInterfaceOrientations_iPad = "UIInterfaceOrientationPortrait UIInterfaceOrientationPortraitUpsideDown UIInterfaceOrientationLandscapeLeft UIInterfaceOrientationLandscapeRight";
				INFOPLIST_KEY_UISupportedInterfaceOrientations_iPhone = "UIInterfaceOrientationPortrait UIInterfaceOrientationLandscapeLeft UIInterfaceOrientationLandscapeRight";
				LD_RUNPATH_SEARCH_PATHS = (
					"$(inherited)",
					"@executable_path/Frameworks",
				);
				MARKETING_VERSION = 1.0;
				PRODUCT_BUNDLE_IDENTIFIER = com.silvaneimartins.weather;
				PRODUCT_NAME = "$(TARGET_NAME)";
				SWIFT_EMIT_LOC_STRINGS = YES;
				SWIFT_VERSION = 5.0;
				TARGETED_DEVICE_FAMILY = "1,2";
			};
			name = Debug;
		};
		31AF3BDB28EC4CEE00FD6479 /* Release */ = {
			isa = XCBuildConfiguration;
			buildSettings = {
				ASSETCATALOG_COMPILER_APPICON_NAME = AppIcon;
				ASSETCATALOG_COMPILER_GLOBAL_ACCENT_COLOR_NAME = AccentColor;
				CODE_SIGN_STYLE = Automatic;
				CURRENT_PROJECT_VERSION = 1;
				DEVELOPMENT_ASSET_PATHS = "\"weather/Preview Content\"";
				DEVELOPMENT_TEAM = MRWW7972SX;
				ENABLE_PREVIEWS = YES;
				GENERATE_INFOPLIST_FILE = YES;
				INFOPLIST_KEY_UIApplicationSceneManifest_Generation = YES;
				INFOPLIST_KEY_UIApplicationSupportsIndirectInputEvents = YES;
				INFOPLIST_KEY_UILaunchScreen_Generation = YES;
				INFOPLIST_KEY_UISupportedInterfaceOrientations_iPad = "UIInterfaceOrientationPortrait UIInterfaceOrientationPortraitUpsideDown UIInterfaceOrientationLandscapeLeft UIInterfaceOrientationLandscapeRight";
				INFOPLIST_KEY_UISupportedInterfaceOrientations_iPhone = "UIInterfaceOrientationPortrait UIInterfaceOrientationLandscapeLeft UIInterfaceOrientationLandscapeRight";
				LD_RUNPATH_SEARCH_PATHS = (
					"$(inherited)",
					"@executable_path/Frameworks",
				);
				MARKETING_VERSION = 1.0;
				PRODUCT_BUNDLE_IDENTIFIER = com.silvaneimartins.weather;
				PRODUCT_NAME = "$(TARGET_NAME)";
				SWIFT_EMIT_LOC_STRINGS = YES;
				SWIFT_VERSION = 5.0;
				TARGETED_DEVICE_FAMILY = "1,2";
			};
			name = Release;
		};
/* End XCBuildConfiguration section */

/* Begin XCConfigurationList section */
		31AF3BC628EC4CEC00FD6479 /* Build configuration list for PBXProject "weather" */ = {
			isa = XCConfigurationList;
			buildConfigurations = (
				31AF3BD728EC4CEE00FD6479 /* Debug */,
				31AF3BD828EC4CEE00FD6479 /* Release */,
			);
			defaultConfigurationIsVisible = 0;
			defaultConfigurationName = Release;
		};
		31AF3BD928EC4CEE00FD6479 /* Build configuration list for PBXNativeTarget "weather" */ = {
			isa = XCConfigurationList;
			buildConfigurations = (
				31AF3BDA28EC4CEE00FD6479 /* Debug */,
				31AF3BDB28EC4CEE00FD6479 /* Release */,
			);
			defaultConfigurationIsVisible = 0;
			defaultConfigurationName = Release;
		};
/* End XCConfigurationList section */

/* Begin XCRemoteSwiftPackageReference section */
		31AF3BEB28EC686E00FD6479 /* XCRemoteSwiftPackageReference "BottomSheet" */ = {
			isa = XCRemoteSwiftPackageReference;
			repositoryURL = "https://github.com/Wouter125/BottomSheet";
			requirement = {
				branch = main;
				kind = branch;
			};
		};
/* End XCRemoteSwiftPackageReference section */

/* Begin XCSwiftPackageProductDependency section */
		31AF3BEC28EC686E00FD6479 /* BottomSheet */ = {
			isa = XCSwiftPackageProductDependency;
			package = 31AF3BEB28EC686E00FD6479 /* XCRemoteSwiftPackageReference "BottomSheet" */;
			productName = BottomSheet;
		};
/* End XCSwiftPackageProductDependency section */
	};
	rootObject = 31AF3BC328EC4CEC00FD6479 /* Project object */;
}
